
Microsoft Visual Studio Solution File, Format Version 12.00
# Visual Studio Version 16
VisualStudioVersion = 16.0.30907.101
MinimumVisualStudioVersion = 10.0.40219.1
Project("{FAE04EC0-301F-11D3-BF4B-00C04F79EFBC}") = "WebHoroscopo", "WebHoroscopo\WebHoroscopo.csproj", "{8A06B40D-BBE5-4579-9A4B-600015FB4C39}"
EndProject
Global
	GlobalSection(SolutionConfigurationPlatforms) = preSolution
		Debug|Any CPU = Debug|Any CPU
		Release|Any CPU = Release|Any CPU
	EndGlobalSection
	GlobalSection(ProjectConfigurationPlatforms) = postSolution
		{8A06B40D-BBE5-4579-9A4B-600015FB4C39}.Debug|Any CPU.ActiveCfg = Debug|Any CPU
		{8A06B40D-BBE5-4579-9A4B-600015FB4C39}.Debug|Any CPU.Build.0 = Debug|Any CPU
		{8A06B40D-BBE5-4579-9A4B-600015FB4C39}.Release|Any CPU.ActiveCfg = Release|Any CPU
		{8A06B40D-BBE5-4579-9A4B-600015FB4C39}.Release|Any CPU.Build.0 = Release|Any CPU
	EndGlobalSection
	GlobalSection(SolutionProperties) = preSolution
		HideSolutionNode = FALSE
	EndGlobalSection
	GlobalSection(ExtensibilityGlobals) = postSolution
		SolutionGuid = {F6C46B29-F25C-4AC5-A111-6137BDE7678F}
	EndGlobalSection
EndGlobal
